schema: '2.0'
stages:
  prep:
    cmd: python starter/prep_data.py
    deps:
    - path: data/census.csv
      hash: md5
      md5: 12c208530a5680c15ae19b34152286dd
      size: 3518606
    - path: starter/ml
      hash: md5
      md5: fd44de1474bec8527cdf0984d44ab600.dir
      size: 10338
      nfiles: 6
    - path: starter/prep_data.py
      hash: md5
      md5: 2488dae798ad2791f683725226ada1b5
      size: 1204
    outs:
    - path: data/preprocessors/encoder.pkl
      hash: md5
      md5: f871997acafae6843d7945e7abf41b92
      size: 4081
    - path: data/preprocessors/lb.pkl
      hash: md5
      md5: e0b3e5dc369ff21b833f4c9bfd11b813
      size: 447
    - path: data/preprocessors/scaler.pkl
      hash: md5
      md5: 5f7a89ab95bc3ce31f03d67309aa335b
      size: 1303
    - path: data/test/X.csv
      hash: md5
      md5: 9aedfa0a4f687ac2f41b6438b1ddb988
      size: 17426112
    - path: data/test/y.csv
      hash: md5
      md5: 50877d458b6fe36b85c3b463fbabb2b4
      size: 169312
    - path: data/train/X.csv
      hash: md5
      md5: 1b2989259ca75452860f21fbe30fb4b9
      size: 69658956
    - path: data/train/y.csv
      hash: md5
      md5: a514a49bae7256cc58f1973e71bacd94
      size: 676806
  prepare:
    cmd: python starter/prep_data.py
    deps:
    - path: data/census.csv
      hash: md5
      md5: 12c208530a5680c15ae19b34152286dd
      size: 3518606
    - path: starter/ml
      hash: md5
      md5: 253cad00a057b92997cdcd69e7de8eb6.dir
      size: 18610
      nfiles: 10
    - path: starter/prep_data.py
      hash: md5
      md5: 74b4712096b0cbfc17b33fae6abfdd0b
      size: 1035
    outs:
    - path: data/preprocessors/encoder.pkl
      hash: md5
      md5: 97ba10f234252e0f017c51d96fe3dbed
      size: 4100
    - path: data/preprocessors/lb.pkl
      hash: md5
      md5: 9f5b95451a3be072c63974fbb549ca83
      size: 447
    - path: data/preprocessors/scaler.pkl
      hash: md5
      md5: fe67c318bbbd533987fe063b1cacf07f
      size: 1287
    - path: data/test/X.csv
      hash: md5
      md5: f66b398f51c8d19a6c69741cc95f2624
      size: 17591613
    - path: data/test/y.csv
      hash: md5
      md5: f44a90386312645c02910d695848d6fe
      size: 169338
    - path: data/train/X.csv
      hash: md5
      md5: dfe37aa45d79f9db457db51e8f4aa4c5
      size: 70355648
    - path: data/train/y.csv
      hash: md5
      md5: 34510b54e7c384aa6bb734d9b4cff3cd
      size: 677248
  train:
    cmd: python starter/train_model.py
    deps:
    - path: data/train/X.csv
      hash: md5
      md5: dfe37aa45d79f9db457db51e8f4aa4c5
      size: 70355648
    - path: data/train/y.csv
      hash: md5
      md5: 34510b54e7c384aa6bb734d9b4cff3cd
      size: 677248
    - path: starter/train_model.py
      hash: md5
      md5: 60f489f17c925a97f99f634c3da8c016
      size: 500
    params:
      params.yaml:
        gridsearch: true
        model: RandomForestClassifier
        tuning:
          n_estimators:
          - 50
          - 100
          - 150
          max_features:
          - sqrt
          - log2
          - 0.75
          class_weight:
          - balanced
          max_depth:
          - 10
          - 20
    outs:
    - path: model/RandomForestClassifier.pkl
      hash: md5
      md5: 46d4695e30161c709aefa4890f6d36b5
      size: 33909065
  evaluate:
    cmd: python starter/eval_model.py
    deps:
    - path: data/test/X.csv
      hash: md5
      md5: f66b398f51c8d19a6c69741cc95f2624
      size: 17591613
    - path: data/test/y.csv
      hash: md5
      md5: f44a90386312645c02910d695848d6fe
      size: 169338
    - path: data/train/X.csv
      hash: md5
      md5: dfe37aa45d79f9db457db51e8f4aa4c5
      size: 70355648
    - path: data/train/y.csv
      hash: md5
      md5: 34510b54e7c384aa6bb734d9b4cff3cd
      size: 677248
    - path: model/RandomForestClassifier.pkl
      hash: md5
      md5: 46d4695e30161c709aefa4890f6d36b5
      size: 33909065
    - path: starter/eval_model.py
      hash: md5
      md5: de7e1cde7c14daf40b995f2eb419e55f
      size: 833
    params:
      params.yaml:
        model: RandomForestClassifier
    outs:
    - path: model/eval.json
      hash: md5
      md5: 94f0e1b2f0466eecaab4e532b161af3b
      size: 253
  report:
    cmd: python starter/build_report.py
    deps:
    - path: model/eval.json
      hash: md5
      md5: 94f0e1b2f0466eecaab4e532b161af3b
      size: 253
    - path: starter/build_report.py
      hash: md5
      md5: 3a26e323fa27bc2f3d2db6398345981c
      size: 1452
    outs:
    - path: starter/reports/slice_report.html
      hash: md5
      md5: 7a758acad8df0a177049500e3fe11240
      size: 204216
    - path: starter/reports/templates/images
      hash: md5
      md5: 99d6f15d73e78a4d1bb84ae7935e73d8.dir
      size: 487472
      nfiles: 8
