schema: '2.0'
stages:
  prep:
    cmd: python starter/prep_data.py
    deps:
    - path: data/census.csv
      hash: md5
      md5: 12c208530a5680c15ae19b34152286dd
      size: 3518606
    - path: starter/ml
      hash: md5
      md5: fd44de1474bec8527cdf0984d44ab600.dir
      size: 10338
      nfiles: 6
    - path: starter/prep_data.py
      hash: md5
      md5: 2488dae798ad2791f683725226ada1b5
      size: 1204
    outs:
    - path: data/preprocessors/encoder.pkl
      hash: md5
      md5: f871997acafae6843d7945e7abf41b92
      size: 4081
    - path: data/preprocessors/lb.pkl
      hash: md5
      md5: e0b3e5dc369ff21b833f4c9bfd11b813
      size: 447
    - path: data/preprocessors/scaler.pkl
      hash: md5
      md5: 5f7a89ab95bc3ce31f03d67309aa335b
      size: 1303
    - path: data/test/X.csv
      hash: md5
      md5: 9aedfa0a4f687ac2f41b6438b1ddb988
      size: 17426112
    - path: data/test/y.csv
      hash: md5
      md5: 50877d458b6fe36b85c3b463fbabb2b4
      size: 169312
    - path: data/train/X.csv
      hash: md5
      md5: 1b2989259ca75452860f21fbe30fb4b9
      size: 69658956
    - path: data/train/y.csv
      hash: md5
      md5: a514a49bae7256cc58f1973e71bacd94
      size: 676806
  prepare:
    cmd: python starter/prep_data.py
    deps:
    - path: data/census.csv
      hash: md5
      md5: 12c208530a5680c15ae19b34152286dd
      size: 3518606
    - path: starter/ml
      hash: md5
      md5: e58e2c8d9a5bf9cf3b439ae43c0eb213.dir
      size: 17720
      nfiles: 10
    - path: starter/prep_data.py
      hash: md5
      md5: 74b4712096b0cbfc17b33fae6abfdd0b
      size: 1035
    outs:
    - path: data/preprocessors/encoder.pkl
      hash: md5
      md5: 97ba10f234252e0f017c51d96fe3dbed
      size: 4100
    - path: data/preprocessors/lb.pkl
      hash: md5
      md5: 9f5b95451a3be072c63974fbb549ca83
      size: 447
    - path: data/preprocessors/scaler.pkl
      hash: md5
      md5: 7d955818af55d7548d5ffac32a59f9a0
      size: 1287
    - path: data/test/X.csv
      hash: md5
      md5: 242a4cfc657cda05df591fb4a494c999
      size: 17591613
    - path: data/test/y.csv
      hash: md5
      md5: 580a6fdc8d274db232835cfd42cd99e2
      size: 169338
    - path: data/train/X.csv
      hash: md5
      md5: 7bb2abf466767e31166008e12c955d7f
      size: 70315133
    - path: data/train/y.csv
      hash: md5
      md5: 8811c8e83c955a67b4104b348926d7e8
      size: 676858
  train:
    cmd: python starter/train_model.py
    deps:
    - path: data/train/X.csv
      hash: md5
      md5: 7bb2abf466767e31166008e12c955d7f
      size: 70315133
    - path: data/train/y.csv
      hash: md5
      md5: 8811c8e83c955a67b4104b348926d7e8
      size: 676858
    - path: starter/train_model.py
      hash: md5
      md5: 50af552cae45b7fbeaa098b1724ea5f1
      size: 516
    params:
      params.yaml:
        gridsearch: true
        model: RandomForestClassifier
        tuning:
          n_estimators:
          - 50
          - 100
          - 150
          max_features:
          - sqrt
          - log2
          - 0.75
          class_weight:
          - balanced
          max_depth:
          - 
          - 10
          - 20
    outs:
    - path: model/RandomForestClassifier.pkl
      hash: md5
      md5: 52b3ec3fbb577486c946954c7048efa7
      size: 63512137
  evaluate:
    cmd: python starter/eval_model.py
    deps:
    - path: data/test/X.csv
      hash: md5
      md5: 242a4cfc657cda05df591fb4a494c999
      size: 17591613
    - path: data/test/y.csv
      hash: md5
      md5: 580a6fdc8d274db232835cfd42cd99e2
      size: 169338
    - path: data/train/X.csv
      hash: md5
      md5: 7bb2abf466767e31166008e12c955d7f
      size: 70315133
    - path: data/train/y.csv
      hash: md5
      md5: 8811c8e83c955a67b4104b348926d7e8
      size: 676858
    - path: model/RandomForestClassifier.pkl
      hash: md5
      md5: 52b3ec3fbb577486c946954c7048efa7
      size: 63512137
    - path: starter/eval_model.py
      hash: md5
      md5: f84254f0203da545618bf6694bfceb71
      size: 849
    params:
      params.yaml:
        model: RandomForestClassifier
    outs:
    - path: model/eval.json
      hash: md5
      md5: 366de5809771f96d6d16f9d3fff23819
      size: 240
  report:
    cmd: python starter/build_report.py
    deps:
    - path: model/eval.json
      hash: md5
      md5: 366de5809771f96d6d16f9d3fff23819
      size: 240
    - path: starter/build_report.py
      hash: md5
      md5: 676f3be8052efce55658d3dbe1249e45
      size: 1400
    outs:
    - path: starter/reports/slice_report.html
      hash: md5
      md5: 9cad92f96e63aefcc4037da3e910bcaf
      size: 204437
    - path: starter/reports/templates/images
      hash: md5
      md5: 9188d70fbc5a1fa89666fddafbb9bc19.dir
      size: 550840
      nfiles: 8
